// !$*UTF8*$!
{
	archiveVersion = 1;
	classes = {
	};
	objectVersion = 42;
	objects = {

/* Begin PBXBuildFile section */
		0752CBF20F9C723600C7096E /* dsa_pub.pem in Resources */ = {isa = PBXBuildFile; fileRef = 0752CBF10F9C723600C7096E /* dsa_pub.pem */; };
		0752CBF40F9C745200C7096E /* Sparkle.framework in Frameworks */ = {isa = PBXBuildFile; fileRef = 0752CBF30F9C745200C7096E /* Sparkle.framework */; };
		0752CC1A0F9C77EB00C7096E /* Sparkle.framework in Copy 3rd-party Frameworks */ = {isa = PBXBuildFile; fileRef = 0752CBF30F9C745200C7096E /* Sparkle.framework */; };
		8D11072B0486CEB800E47090 /* InfoPlist.strings in Resources */ = {isa = PBXBuildFile; fileRef = 089C165CFE840E0CC02AAC07 /* InfoPlist.strings */; };
		8D11072D0486CEB800E47090 /* main.m in Sources */ = {isa = PBXBuildFile; fileRef = 29B97316FDCFA39411CA2CEA /* main.m */; settings = {ATTRIBUTES = (); }; };
		8D11072F0486CEB800E47090 /* Cocoa.framework in Frameworks */ = {isa = PBXBuildFile; fileRef = 1058C7A1FEA54F0111CA2CBB /* Cocoa.framework */; };
		A412C8580F7942DC006B10AD /* SunPinyin.icns in Resources */ = {isa = PBXBuildFile; fileRef = A412C8570F7942DB006B10AD /* SunPinyin.icns */; };
		A422A7D10DCD694400B41288 /* CandidateWindow.m in Sources */ = {isa = PBXBuildFile; fileRef = A422A7D00DCD694400B41288 /* CandidateWindow.m */; };
		A45578F51146A75200592C6E /* MainMenu.xib in Resources */ = {isa = PBXBuildFile; fileRef = A45578F41146A75200592C6E /* MainMenu.xib */; };
		A464E2BE0F65211A00148227 /* Growl.framework in Frameworks */ = {isa = PBXBuildFile; fileRef = A464E2BD0F65211A00148227 /* Growl.framework */; };
		A464E3740F65261800148227 /* Growl.framework in Copy 3rd-party Frameworks */ = {isa = PBXBuildFile; fileRef = A464E2BD0F65211A00148227 /* Growl.framework */; };
		A47C487E105E86B5006D528B /* ic_history.cpp in Sources */ = {isa = PBXBuildFile; fileRef = A47C4865105E86B5006D528B /* ic_history.cpp */; };
		A47C487F105E86B5006D528B /* imi_context.cpp in Sources */ = {isa = PBXBuildFile; fileRef = A47C4867105E86B5006D528B /* imi_context.cpp */; };
		A47C4880105E86B5006D528B /* imi_data.cpp in Sources */ = {isa = PBXBuildFile; fileRef = A47C4869105E86B5006D528B /* imi_data.cpp */; };
		A47C4881105E86B5006D528B /* imi_funcobjs.cpp in Sources */ = {isa = PBXBuildFile; fileRef = A47C486C105E86B5006D528B /* imi_funcobjs.cpp */; };
		A47C4882105E86B5006D528B /* imi_options.cpp in Sources */ = {isa = PBXBuildFile; fileRef = A47C486F105E86B5006D528B /* imi_options.cpp */; };
		A47C4883105E86B5006D528B /* imi_uiobjects.cpp in Sources */ = {isa = PBXBuildFile; fileRef = A47C4871105E86B5006D528B /* imi_uiobjects.cpp */; };
		A47C4884105E86B5006D528B /* imi_view.cpp in Sources */ = {isa = PBXBuildFile; fileRef = A47C4873105E86B5006D528B /* imi_view.cpp */; };
		A47C4885105E86B5006D528B /* imi_view_classic.cpp in Sources */ = {isa = PBXBuildFile; fileRef = A47C4875105E86B5006D528B /* imi_view_classic.cpp */; };
		A47C4886105E86B5006D528B /* imi_winHandler.cpp in Sources */ = {isa = PBXBuildFile; fileRef = A47C4877105E86B5006D528B /* imi_winHandler.cpp */; };
		A47C4887105E86B5006D528B /* lattice_states.cpp in Sources */ = {isa = PBXBuildFile; fileRef = A47C4879105E86B5006D528B /* lattice_states.cpp */; };
		A47C4888105E86B5006D528B /* userdict.cpp in Sources */ = {isa = PBXBuildFile; fileRef = A47C487B105E86B5006D528B /* userdict.cpp */; };
		A47C4895105E86DB006D528B /* pinyin_data.cpp in Sources */ = {isa = PBXBuildFile; fileRef = A47C488C105E86DB006D528B /* pinyin_data.cpp */; };
		A47C4896105E86DB006D528B /* pinyin_seg.cpp in Sources */ = {isa = PBXBuildFile; fileRef = A47C488E105E86DB006D528B /* pinyin_seg.cpp */; };
		A47C4897105E86DB006D528B /* shuangpin_data.cpp in Sources */ = {isa = PBXBuildFile; fileRef = A47C4890105E86DB006D528B /* shuangpin_data.cpp */; };
		A47C4898105E86DB006D528B /* shuangpin_seg.cpp in Sources */ = {isa = PBXBuildFile; fileRef = A47C4892105E86DB006D528B /* shuangpin_seg.cpp */; };
		A47C48DF105E8CE8006D528B /* macos_keycode.mm in Sources */ = {isa = PBXBuildFile; fileRef = A47C48DE105E8CE8006D528B /* macos_keycode.mm */; };
		A4829AE711060C69004F71A7 /* imi_session_wrapper.mm in Sources */ = {isa = PBXBuildFile; fileRef = A4829AE611060C69004F71A7 /* imi_session_wrapper.mm */; };
		A4ADD1E40DBF0D1D00671528 /* imi_imkitwin.mm in Sources */ = {isa = PBXBuildFile; fileRef = A4ADD1E30DBF0D1D00671528 /* imi_imkitwin.mm */; };
		A4B66501106D051D009BA1DB /* imi_option_event.cpp in Sources */ = {isa = PBXBuildFile; fileRef = A4B664FE106D051D009BA1DB /* imi_option_event.cpp */; };
		A4B8E1B30F645B870094E08B /* Carbon.framework in Frameworks */ = {isa = PBXBuildFile; fileRef = A4B8E1B20F645B870094E08B /* Carbon.framework */; };
		A4DA4E730DBDD9D600472176 /* pytrie.cpp in Sources */ = {isa = PBXBuildFile; fileRef = A4DA4E620DBDD9D600472176 /* pytrie.cpp */; };
		A4DA4E740DBDD9D600472176 /* portability.cpp in Sources */ = {isa = PBXBuildFile; fileRef = A4DA4E640DBDD9D600472176 /* portability.cpp */; };
		A4DA4E750DBDD9D600472176 /* slm.cpp in Sources */ = {isa = PBXBuildFile; fileRef = A4DA4E670DBDD9D600472176 /* slm.cpp */; };
		A4DA4ED20DBDFA0800472176 /* lm_sc.t3g in Resources */ = {isa = PBXBuildFile; fileRef = A4DA4ED00DBDFA0800472176 /* lm_sc.t3g */; };
		A4DA4ED30DBDFA0800472176 /* pydict_sc.bin in Resources */ = {isa = PBXBuildFile; fileRef = A4DA4ED10DBDFA0800472176 /* pydict_sc.bin */; };
		A4FC48CB0F6530EF0069BE81 /* Localizable.strings in Resources */ = {isa = PBXBuildFile; fileRef = A4FC48C90F6530EF0069BE81 /* Localizable.strings */; };
		E93074B70A5C264700470842 /* InputMethodKit.framework in Frameworks */ = {isa = PBXBuildFile; fileRef = E93074B60A5C264700470842 /* InputMethodKit.framework */; };
		E93074E20A5C2F1200470842 /* SunPinyinInputController.mm in Sources */ = {isa = PBXBuildFile; fileRef = E93074E10A5C2F1200470842 /* SunPinyinInputController.mm */; };
		E99A79200BFAA07E00935A00 /* preferences.plist in Resources */ = {isa = PBXBuildFile; fileRef = E99A791F0BFAA07E00935A00 /* preferences.plist */; };
		E9FB8BCB0BF0D79B00305C76 /* SunPinyinApplicationDelegate.mm in Sources */ = {isa = PBXBuildFile; fileRef = E9FB8BCA0BF0D79B00305C76 /* SunPinyinApplicationDelegate.mm */; };
/* End PBXBuildFile section */

/* Begin PBXCopyFilesBuildPhase section */
		A464E3780F65263000148227 /* Copy 3rd-party Frameworks */ = {
			isa = PBXCopyFilesBuildPhase;
			buildActionMask = 2147483647;
			dstPath = "";
			dstSubfolderSpec = 10;
			files = (
				0752CC1A0F9C77EB00C7096E /* Sparkle.framework in Copy 3rd-party Frameworks */,
				A464E3740F65261800148227 /* Growl.framework in Copy 3rd-party Frameworks */,
			);
			name = "Copy 3rd-party Frameworks";
			runOnlyForDeploymentPostprocessing = 0;
		};
/* End PBXCopyFilesBuildPhase section */

/* Begin PBXFileReference section */
		0752CBF10F9C723600C7096E /* dsa_pub.pem */ = {isa = PBXFileReference; fileEncoding = 4; lastKnownFileType = text; name = dsa_pub.pem; path = packaging/dsa_pub.pem; sourceTree = "<group>"; };
		0752CBF30F9C745200C7096E /* Sparkle.framework */ = {isa = PBXFileReference; lastKnownFileType = wrapper.framework; name = Sparkle.framework; path = Frameworks/Sparkle.framework; sourceTree = "<group>"; };
		089C165DFE840E0CC02AAC07 /* English */ = {isa = PBXFileReference; fileEncoding = 10; lastKnownFileType = text.plist.strings; name = English; path = English.lproj/InfoPlist.strings; sourceTree = "<group>"; };
		1058C7A1FEA54F0111CA2CBB /* Cocoa.framework */ = {isa = PBXFileReference; lastKnownFileType = wrapper.framework; name = Cocoa.framework; path = /System/Library/Frameworks/Cocoa.framework; sourceTree = "<absolute>"; };
		29B97316FDCFA39411CA2CEA /* main.m */ = {isa = PBXFileReference; fileEncoding = 4; lastKnownFileType = sourcecode.c.objc; path = main.m; sourceTree = "<group>"; };
		29B97324FDCFA39411CA2CEA /* AppKit.framework */ = {isa = PBXFileReference; lastKnownFileType = wrapper.framework; name = AppKit.framework; path = /System/Library/Frameworks/AppKit.framework; sourceTree = "<absolute>"; };
		29B97325FDCFA39411CA2CEA /* Foundation.framework */ = {isa = PBXFileReference; lastKnownFileType = wrapper.framework; name = Foundation.framework; path = /System/Library/Frameworks/Foundation.framework; sourceTree = "<absolute>"; };
		32CA4F630368D1EE00C91783 /* SunPinyin_Prefix.pch */ = {isa = PBXFileReference; fileEncoding = 4; lastKnownFileType = sourcecode.c.h; path = SunPinyin_Prefix.pch; sourceTree = "<group>"; };
		8D1107310486CEB800E47090 /* Info.plist */ = {isa = PBXFileReference; fileEncoding = 4; lastKnownFileType = text.plist; path = Info.plist; sourceTree = "<group>"; };
		8D1107320486CEB800E47090 /* SunPinyin.app */ = {isa = PBXFileReference; explicitFileType = wrapper.application; includeInIndex = 0; path = SunPinyin.app; sourceTree = BUILT_PRODUCTS_DIR; };
		A412C8570F7942DB006B10AD /* SunPinyin.icns */ = {isa = PBXFileReference; lastKnownFileType = image.icns; path = SunPinyin.icns; sourceTree = "<group>"; };
		A422A7CF0DCD694400B41288 /* CandidateWindow.h */ = {isa = PBXFileReference; fileEncoding = 4; lastKnownFileType = sourcecode.c.h; path = CandidateWindow.h; sourceTree = "<group>"; };
		A422A7D00DCD694400B41288 /* CandidateWindow.m */ = {isa = PBXFileReference; fileEncoding = 4; lastKnownFileType = sourcecode.c.objc; path = CandidateWindow.m; sourceTree = "<group>"; };
		A44571AB0DBF42C200F793F9 /* macos_keycode.h */ = {isa = PBXFileReference; fileEncoding = 4; lastKnownFileType = sourcecode.c.h; path = macos_keycode.h; sourceTree = "<group>"; };
		A455789911469D4C00592C6E /* zh_CN */ = {isa = PBXFileReference; lastKnownFileType = text.plist.strings; name = zh_CN; path = zh_CN.lproj/MainMenu.strings; sourceTree = "<group>"; };
		A464E2BD0F65211A00148227 /* Growl.framework */ = {isa = PBXFileReference; lastKnownFileType = wrapper.framework; name = Growl.framework; path = Frameworks/Growl.framework; sourceTree = SOURCE_ROOT; };
		A47C4865105E86B5006D528B /* ic_history.cpp */ = {isa = PBXFileReference; fileEncoding = 4; lastKnownFileType = sourcecode.cpp.cpp; name = ic_history.cpp; path = "../../src/ime-core/ic_history.cpp"; sourceTree = SOURCE_ROOT; };
		A47C4866105E86B5006D528B /* ic_history.h */ = {isa = PBXFileReference; fileEncoding = 4; lastKnownFileType = sourcecode.c.h; name = ic_history.h; path = "../../src/ime-core/ic_history.h"; sourceTree = SOURCE_ROOT; };
		A47C4867105E86B5006D528B /* imi_context.cpp */ = {isa = PBXFileReference; fileEncoding = 4; lastKnownFileType = sourcecode.cpp.cpp; name = imi_context.cpp; path = "../../src/ime-core/imi_context.cpp"; sourceTree = SOURCE_ROOT; };
		A47C4868105E86B5006D528B /* imi_context.h */ = {isa = PBXFileReference; fileEncoding = 4; lastKnownFileType = sourcecode.c.h; name = imi_context.h; path = "../../src/ime-core/imi_context.h"; sourceTree = SOURCE_ROOT; };
		A47C4869105E86B5006D528B /* imi_data.cpp */ = {isa = PBXFileReference; fileEncoding = 4; lastKnownFileType = sourcecode.cpp.cpp; name = imi_data.cpp; path = "../../src/ime-core/imi_data.cpp"; sourceTree = SOURCE_ROOT; };
		A47C486A105E86B5006D528B /* imi_data.h */ = {isa = PBXFileReference; fileEncoding = 4; lastKnownFileType = sourcecode.c.h; name = imi_data.h; path = "../../src/ime-core/imi_data.h"; sourceTree = SOURCE_ROOT; };
		A47C486B105E86B5006D528B /* imi_defines.h */ = {isa = PBXFileReference; fileEncoding = 4; lastKnownFileType = sourcecode.c.h; name = imi_defines.h; path = "../../src/ime-core/imi_defines.h"; sourceTree = SOURCE_ROOT; };
		A47C486C105E86B5006D528B /* imi_funcobjs.cpp */ = {isa = PBXFileReference; fileEncoding = 4; lastKnownFileType = sourcecode.cpp.cpp; name = imi_funcobjs.cpp; path = "../../src/ime-core/imi_funcobjs.cpp"; sourceTree = SOURCE_ROOT; };
		A47C486D105E86B5006D528B /* imi_funcobjs.h */ = {isa = PBXFileReference; fileEncoding = 4; lastKnownFileType = sourcecode.c.h; name = imi_funcobjs.h; path = "../../src/ime-core/imi_funcobjs.h"; sourceTree = SOURCE_ROOT; };
		A47C486E105E86B5006D528B /* imi_keys.h */ = {isa = PBXFileReference; fileEncoding = 4; lastKnownFileType = sourcecode.c.h; name = imi_keys.h; path = "../../src/ime-core/imi_keys.h"; sourceTree = SOURCE_ROOT; };
		A47C486F105E86B5006D528B /* imi_options.cpp */ = {isa = PBXFileReference; fileEncoding = 4; lastKnownFileType = sourcecode.cpp.cpp; name = imi_options.cpp; path = "../../src/ime-core/imi_options.cpp"; sourceTree = SOURCE_ROOT; };
		A47C4870105E86B5006D528B /* imi_options.h */ = {isa = PBXFileReference; fileEncoding = 4; lastKnownFileType = sourcecode.c.h; name = imi_options.h; path = "../../src/ime-core/imi_options.h"; sourceTree = SOURCE_ROOT; };
		A47C4871105E86B5006D528B /* imi_uiobjects.cpp */ = {isa = PBXFileReference; fileEncoding = 4; lastKnownFileType = sourcecode.cpp.cpp; name = imi_uiobjects.cpp; path = "../../src/ime-core/imi_uiobjects.cpp"; sourceTree = SOURCE_ROOT; };
		A47C4872105E86B5006D528B /* imi_uiobjects.h */ = {isa = PBXFileReference; fileEncoding = 4; lastKnownFileType = sourcecode.c.h; name = imi_uiobjects.h; path = "../../src/ime-core/imi_uiobjects.h"; sourceTree = SOURCE_ROOT; };
		A47C4873105E86B5006D528B /* imi_view.cpp */ = {isa = PBXFileReference; fileEncoding = 4; lastKnownFileType = sourcecode.cpp.cpp; name = imi_view.cpp; path = "../../src/ime-core/imi_view.cpp"; sourceTree = SOURCE_ROOT; };
		A47C4874105E86B5006D528B /* imi_view.h */ = {isa = PBXFileReference; fileEncoding = 4; lastKnownFileType = sourcecode.c.h; name = imi_view.h; path = "../../src/ime-core/imi_view.h"; sourceTree = SOURCE_ROOT; };
		A47C4875105E86B5006D528B /* imi_view_classic.cpp */ = {isa = PBXFileReference; fileEncoding = 4; lastKnownFileType = sourcecode.cpp.cpp; name = imi_view_classic.cpp; path = "../../src/ime-core/imi_view_classic.cpp"; sourceTree = SOURCE_ROOT; };
		A47C4876105E86B5006D528B /* imi_view_classic.h */ = {isa = PBXFileReference; fileEncoding = 4; lastKnownFileType = sourcecode.c.h; name = imi_view_classic.h; path = "../../src/ime-core/imi_view_classic.h"; sourceTree = SOURCE_ROOT; };
		A47C4877105E86B5006D528B /* imi_winHandler.cpp */ = {isa = PBXFileReference; fileEncoding = 4; lastKnownFileType = sourcecode.cpp.cpp; name = imi_winHandler.cpp; path = "../../src/ime-core/imi_winHandler.cpp"; sourceTree = SOURCE_ROOT; };
		A47C4878105E86B5006D528B /* imi_winHandler.h */ = {isa = PBXFileReference; fileEncoding = 4; lastKnownFileType = sourcecode.c.h; name = imi_winHandler.h; path = "../../src/ime-core/imi_winHandler.h"; sourceTree = SOURCE_ROOT; };
		A47C4879105E86B5006D528B /* lattice_states.cpp */ = {isa = PBXFileReference; fileEncoding = 4; lastKnownFileType = sourcecode.cpp.cpp; name = lattice_states.cpp; path = "../../src/ime-core/lattice_states.cpp"; sourceTree = SOURCE_ROOT; };
		A47C487A105E86B5006D528B /* lattice_states.h */ = {isa = PBXFileReference; fileEncoding = 4; lastKnownFileType = sourcecode.c.h; name = lattice_states.h; path = "../../src/ime-core/lattice_states.h"; sourceTree = SOURCE_ROOT; };
		A47C487B105E86B5006D528B /* userdict.cpp */ = {isa = PBXFileReference; fileEncoding = 4; lastKnownFileType = sourcecode.cpp.cpp; name = userdict.cpp; path = "../../src/ime-core/userdict.cpp"; sourceTree = SOURCE_ROOT; };
		A47C487C105E86B5006D528B /* userdict.h */ = {isa = PBXFileReference; fileEncoding = 4; lastKnownFileType = sourcecode.c.h; name = userdict.h; path = "../../src/ime-core/userdict.h"; sourceTree = SOURCE_ROOT; };
		A47C487D105E86B5006D528B /* utils.h */ = {isa = PBXFileReference; fileEncoding = 4; lastKnownFileType = sourcecode.c.h; name = utils.h; path = "../../src/ime-core/utils.h"; sourceTree = SOURCE_ROOT; };
		A47C488A105E86DB006D528B /* datrie.h */ = {isa = PBXFileReference; fileEncoding = 4; lastKnownFileType = sourcecode.c.h; name = datrie.h; path = ../../src/pinyin/datrie.h; sourceTree = SOURCE_ROOT; };
		A47C488B105E86DB006D528B /* datrie_impl.h */ = {isa = PBXFileReference; fileEncoding = 4; lastKnownFileType = sourcecode.c.h; name = datrie_impl.h; path = ../../src/pinyin/datrie_impl.h; sourceTree = SOURCE_ROOT; };
		A47C488C105E86DB006D528B /* pinyin_data.cpp */ = {isa = PBXFileReference; fileEncoding = 4; lastKnownFileType = sourcecode.cpp.cpp; name = pinyin_data.cpp; path = ../../src/pinyin/pinyin_data.cpp; sourceTree = SOURCE_ROOT; };
		A47C488D105E86DB006D528B /* pinyin_data.h */ = {isa = PBXFileReference; fileEncoding = 4; lastKnownFileType = sourcecode.c.h; name = pinyin_data.h; path = ../../src/pinyin/pinyin_data.h; sourceTree = SOURCE_ROOT; };
		A47C488E105E86DB006D528B /* pinyin_seg.cpp */ = {isa = PBXFileReference; fileEncoding = 4; lastKnownFileType = sourcecode.cpp.cpp; name = pinyin_seg.cpp; path = ../../src/pinyin/pinyin_seg.cpp; sourceTree = SOURCE_ROOT; };
		A47C488F105E86DB006D528B /* pinyin_seg.h */ = {isa = PBXFileReference; fileEncoding = 4; lastKnownFileType = sourcecode.c.h; name = pinyin_seg.h; path = ../../src/pinyin/pinyin_seg.h; sourceTree = SOURCE_ROOT; };
		A47C4890105E86DB006D528B /* shuangpin_data.cpp */ = {isa = PBXFileReference; fileEncoding = 4; lastKnownFileType = sourcecode.cpp.cpp; name = shuangpin_data.cpp; path = ../../src/pinyin/shuangpin_data.cpp; sourceTree = SOURCE_ROOT; };
		A47C4891105E86DB006D528B /* shuangpin_data.h */ = {isa = PBXFileReference; fileEncoding = 4; lastKnownFileType = sourcecode.c.h; name = shuangpin_data.h; path = ../../src/pinyin/shuangpin_data.h; sourceTree = SOURCE_ROOT; };
		A47C4892105E86DB006D528B /* shuangpin_seg.cpp */ = {isa = PBXFileReference; fileEncoding = 4; lastKnownFileType = sourcecode.cpp.cpp; name = shuangpin_seg.cpp; path = ../../src/pinyin/shuangpin_seg.cpp; sourceTree = SOURCE_ROOT; };
		A47C4893105E86DB006D528B /* shuangpin_seg.h */ = {isa = PBXFileReference; fileEncoding = 4; lastKnownFileType = sourcecode.c.h; name = shuangpin_seg.h; path = ../../src/pinyin/shuangpin_seg.h; sourceTree = SOURCE_ROOT; };
		A47C4894105E86DB006D528B /* syllable.h */ = {isa = PBXFileReference; fileEncoding = 4; lastKnownFileType = sourcecode.c.h; name = syllable.h; path = ../../src/pinyin/syllable.h; sourceTree = SOURCE_ROOT; };
		A47C48DE105E8CE8006D528B /* macos_keycode.mm */ = {isa = PBXFileReference; fileEncoding = 4; lastKnownFileType = sourcecode.cpp.objcpp; path = macos_keycode.mm; sourceTree = SOURCE_ROOT; };
		A4829AE511060C69004F71A7 /* imi_session_wrapper.h */ = {isa = PBXFileReference; fileEncoding = 4; lastKnownFileType = sourcecode.c.h; path = imi_session_wrapper.h; sourceTree = SOURCE_ROOT; };
		A4829AE611060C69004F71A7 /* imi_session_wrapper.mm */ = {isa = PBXFileReference; fileEncoding = 4; lastKnownFileType = sourcecode.cpp.objcpp; path = imi_session_wrapper.mm; sourceTree = SOURCE_ROOT; };
		A485E5BB0DD28B8D00E472E5 /* English */ = {isa = PBXFileReference; lastKnownFileType = file.xib; name = English; path = English.lproj/MainMenu.xib; sourceTree = "<group>"; };
		A4ADD1100DBEDD3400671528 /* imi_imkitwin.h */ = {isa = PBXFileReference; fileEncoding = 4; lastKnownFileType = sourcecode.c.h; path = imi_imkitwin.h; sourceTree = "<group>"; };
		A4ADD1E30DBF0D1D00671528 /* imi_imkitwin.mm */ = {isa = PBXFileReference; fileEncoding = 4; lastKnownFileType = sourcecode.cpp.objcpp; path = imi_imkitwin.mm; sourceTree = "<group>"; };
		A4B664FE106D051D009BA1DB /* imi_option_event.cpp */ = {isa = PBXFileReference; fileEncoding = 4; lastKnownFileType = sourcecode.cpp.cpp; name = imi_option_event.cpp; path = "../../src/ime-core/imi_option_event.cpp"; sourceTree = SOURCE_ROOT; };
		A4B664FF106D051D009BA1DB /* imi_option_event.h */ = {isa = PBXFileReference; fileEncoding = 4; lastKnownFileType = sourcecode.c.h; name = imi_option_event.h; path = "../../src/ime-core/imi_option_event.h"; sourceTree = SOURCE_ROOT; };
		A4B66500106D051D009BA1DB /* imi_option_keys.h */ = {isa = PBXFileReference; fileEncoding = 4; lastKnownFileType = sourcecode.c.h; name = imi_option_keys.h; path = "../../src/ime-core/imi_option_keys.h"; sourceTree = SOURCE_ROOT; };
		A4B8E1B20F645B870094E08B /* Carbon.framework */ = {isa = PBXFileReference; lastKnownFileType = wrapper.framework; name = Carbon.framework; path = /System/Library/Frameworks/Carbon.framework; sourceTree = "<absolute>"; };
		A4DA4E430DBDD9D600472176 /* beos.h */ = {isa = PBXFileReference; fileEncoding = 4; lastKnownFileType = sourcecode.c.h; path = beos.h; sourceTree = "<group>"; };
		A4DA4E450DBDD9D600472176 /* linux.h */ = {isa = PBXFileReference; fileEncoding = 4; lastKnownFileType = sourcecode.c.h; path = linux.h; sourceTree = "<group>"; };
		A4DA4E460DBDD9D600472176 /* mac.h */ = {isa = PBXFileReference; fileEncoding = 4; lastKnownFileType = sourcecode.c.h; path = mac.h; sourceTree = "<group>"; };
		A4DA4E470DBDD9D600472176 /* solaris.h */ = {isa = PBXFileReference; fileEncoding = 4; lastKnownFileType = sourcecode.c.h; path = solaris.h; sourceTree = "<group>"; };
		A4DA4E620DBDD9D600472176 /* pytrie.cpp */ = {isa = PBXFileReference; fileEncoding = 4; lastKnownFileType = sourcecode.cpp.cpp; path = pytrie.cpp; sourceTree = "<group>"; };
		A4DA4E630DBDD9D600472176 /* pytrie.h */ = {isa = PBXFileReference; fileEncoding = 4; lastKnownFileType = sourcecode.c.h; path = pytrie.h; sourceTree = "<group>"; };
		A4DA4E640DBDD9D600472176 /* portability.cpp */ = {isa = PBXFileReference; fileEncoding = 4; lastKnownFileType = sourcecode.cpp.cpp; path = portability.cpp; sourceTree = "<group>"; };
		A4DA4E650DBDD9D600472176 /* portability.h */ = {isa = PBXFileReference; fileEncoding = 4; lastKnownFileType = sourcecode.c.h; path = portability.h; sourceTree = "<group>"; };
		A4DA4E670DBDD9D600472176 /* slm.cpp */ = {isa = PBXFileReference; fileEncoding = 4; lastKnownFileType = sourcecode.cpp.cpp; path = slm.cpp; sourceTree = "<group>"; };
		A4DA4E680DBDD9D600472176 /* slm.h */ = {isa = PBXFileReference; fileEncoding = 4; lastKnownFileType = sourcecode.c.h; path = slm.h; sourceTree = "<group>"; };
		A4DA4ED00DBDFA0800472176 /* lm_sc.t3g */ = {isa = PBXFileReference; lastKnownFileType = file; name = lm_sc.t3g; path = ../../data/lm_sc.t3g; sourceTree = SOURCE_ROOT; };
		A4DA4ED10DBDFA0800472176 /* pydict_sc.bin */ = {isa = PBXFileReference; lastKnownFileType = archive.macbinary; name = pydict_sc.bin; path = ../../data/pydict_sc.bin; sourceTree = "<group>"; };
		A4FC48CA0F6530EF0069BE81 /* English */ = {isa = PBXFileReference; fileEncoding = 4; lastKnownFileType = text.plist.strings; name = English; path = English.lproj/Localizable.strings; sourceTree = "<group>"; };
		A4FC48CC0F6531110069BE81 /* zh_CN */ = {isa = PBXFileReference; lastKnownFileType = text.plist.strings; name = zh_CN; path = zh_CN.lproj/Localizable.strings; sourceTree = "<group>"; };
		E93074B60A5C264700470842 /* InputMethodKit.framework */ = {isa = PBXFileReference; lastKnownFileType = wrapper.framework; name = InputMethodKit.framework; path = /System/Library/Frameworks/InputMethodKit.framework; sourceTree = "<absolute>"; };
		E93074E00A5C2F1200470842 /* SunPinyinInputController.h */ = {isa = PBXFileReference; fileEncoding = 4; lastKnownFileType = sourcecode.c.h; path = SunPinyinInputController.h; sourceTree = "<group>"; };
		E93074E10A5C2F1200470842 /* SunPinyinInputController.mm */ = {isa = PBXFileReference; fileEncoding = 4; lastKnownFileType = sourcecode.cpp.objcpp; path = SunPinyinInputController.mm; sourceTree = "<group>"; };
		E99A791F0BFAA07E00935A00 /* preferences.plist */ = {isa = PBXFileReference; fileEncoding = 4; lastKnownFileType = text.plist; path = preferences.plist; sourceTree = "<group>"; };
		E9FB8BC90BF0D79B00305C76 /* SunPinyinApplicationDelegate.h */ = {isa = PBXFileReference; fileEncoding = 4; lastKnownFileType = sourcecode.c.h; path = SunPinyinApplicationDelegate.h; sourceTree = "<group>"; };
		E9FB8BCA0BF0D79B00305C76 /* SunPinyinApplicationDelegate.mm */ = {isa = PBXFileReference; fileEncoding = 4; lastKnownFileType = sourcecode.cpp.objcpp; path = SunPinyinApplicationDelegate.mm; sourceTree = "<group>"; };
/* End PBXFileReference section */

/* Begin PBXFrameworksBuildPhase section */
		8D11072E0486CEB800E47090 /* Frameworks */ = {
			isa = PBXFrameworksBuildPhase;
			buildActionMask = 2147483647;
			files = (
				8D11072F0486CEB800E47090 /* Cocoa.framework in Frameworks */,
				E93074B70A5C264700470842 /* InputMethodKit.framework in Frameworks */,
				A4B8E1B30F645B870094E08B /* Carbon.framework in Frameworks */,
				A464E2BE0F65211A00148227 /* Growl.framework in Frameworks */,
				0752CBF40F9C745200C7096E /* Sparkle.framework in Frameworks */,
			);
			runOnlyForDeploymentPostprocessing = 0;
		};
/* End PBXFrameworksBuildPhase section */

/* Begin PBXGroup section */
		080E96DDFE201D6D7F000001 /* Sources */ = {
			isa = PBXGroup;
			children = (
				A4829AE511060C69004F71A7 /* imi_session_wrapper.h */,
				A4829AE611060C69004F71A7 /* imi_session_wrapper.mm */,
				A47C48DE105E8CE8006D528B /* macos_keycode.mm */,
				A44571AB0DBF42C200F793F9 /* macos_keycode.h */,
				A4ADD1100DBEDD3400671528 /* imi_imkitwin.h */,
				A4ADD1E30DBF0D1D00671528 /* imi_imkitwin.mm */,
				32CA4F630368D1EE00C91783 /* SunPinyin_Prefix.pch */,
				29B97316FDCFA39411CA2CEA /* main.m */,
				E93074E00A5C2F1200470842 /* SunPinyinInputController.h */,
				E93074E10A5C2F1200470842 /* SunPinyinInputController.mm */,
				E9FB8BC90BF0D79B00305C76 /* SunPinyinApplicationDelegate.h */,
				E9FB8BCA0BF0D79B00305C76 /* SunPinyinApplicationDelegate.mm */,
				A422A7CF0DCD694400B41288 /* CandidateWindow.h */,
				A422A7D00DCD694400B41288 /* CandidateWindow.m */,
			);
			name = Sources;
			sourceTree = "<group>";
		};
		1058C7A0FEA54F0111CA2CBB /* Linked Frameworks */ = {
			isa = PBXGroup;
			children = (
				0752CBF30F9C745200C7096E /* Sparkle.framework */,
				1058C7A1FEA54F0111CA2CBB /* Cocoa.framework */,
			);
			name = "Linked Frameworks";
			sourceTree = "<group>";
		};
		1058C7A2FEA54F0111CA2CBB /* Other Frameworks */ = {
			isa = PBXGroup;
			children = (
				A4B8E1B20F645B870094E08B /* Carbon.framework */,
				E93074B60A5C264700470842 /* InputMethodKit.framework */,
				A464E2BD0F65211A00148227 /* Growl.framework */,
				29B97324FDCFA39411CA2CEA /* AppKit.framework */,
				29B97325FDCFA39411CA2CEA /* Foundation.framework */,
			);
			name = "Other Frameworks";
			sourceTree = "<group>";
		};
		19C28FACFE9D520D11CA2CBB /* Products */ = {
			isa = PBXGroup;
			children = (
				8D1107320486CEB800E47090 /* SunPinyin.app */,
			);
			name = Products;
			sourceTree = "<group>";
		};
		29B97314FDCFA39411CA2CEA /* SunPinyin */ = {
			isa = PBXGroup;
			children = (
				A4DA4E410DBDD9D600472176 /* sunpinyin-2.0 */,
				080E96DDFE201D6D7F000001 /* Sources */,
				29B97317FDCFA39411CA2CEA /* Resources */,
				29B97323FDCFA39411CA2CEA /* Frameworks */,
				19C28FACFE9D520D11CA2CBB /* Products */,
			);
			name = SunPinyin;
			sourceTree = "<group>";
		};
		29B97317FDCFA39411CA2CEA /* Resources */ = {
			isa = PBXGroup;
			children = (
				0752CBF10F9C723600C7096E /* dsa_pub.pem */,
				A412C8570F7942DB006B10AD /* SunPinyin.icns */,
				A4FC48C90F6530EF0069BE81 /* Localizable.strings */,
				A4DA4ED10DBDFA0800472176 /* pydict_sc.bin */,
				A4DA4ED00DBDFA0800472176 /* lm_sc.t3g */,
				8D1107310486CEB800E47090 /* Info.plist */,
				089C165CFE840E0CC02AAC07 /* InfoPlist.strings */,
				E99A791F0BFAA07E00935A00 /* preferences.plist */,
				A455789611469D3600592C6E /* MainMenu.strings */,
				A45578F41146A75200592C6E /* MainMenu.xib */,
			);
			name = Resources;
			sourceTree = "<group>";
		};
		29B97323FDCFA39411CA2CEA /* Frameworks */ = {
			isa = PBXGroup;
			children = (
				1058C7A0FEA54F0111CA2CBB /* Linked Frameworks */,
				1058C7A2FEA54F0111CA2CBB /* Other Frameworks */,
			);
			name = Frameworks;
			sourceTree = "<group>";
		};
		A47C4864105E86A2006D528B /* ime-core */ = {
			isa = PBXGroup;
			children = (
				A4B664FE106D051D009BA1DB /* imi_option_event.cpp */,
				A4B664FF106D051D009BA1DB /* imi_option_event.h */,
				A4B66500106D051D009BA1DB /* imi_option_keys.h */,
				A47C4865105E86B5006D528B /* ic_history.cpp */,
				A47C4866105E86B5006D528B /* ic_history.h */,
				A47C4867105E86B5006D528B /* imi_context.cpp */,
				A47C4868105E86B5006D528B /* imi_context.h */,
				A47C4869105E86B5006D528B /* imi_data.cpp */,
				A47C486A105E86B5006D528B /* imi_data.h */,
				A47C486B105E86B5006D528B /* imi_defines.h */,
				A47C486C105E86B5006D528B /* imi_funcobjs.cpp */,
				A47C486D105E86B5006D528B /* imi_funcobjs.h */,
				A47C486E105E86B5006D528B /* imi_keys.h */,
				A47C486F105E86B5006D528B /* imi_options.cpp */,
				A47C4870105E86B5006D528B /* imi_options.h */,
				A47C4871105E86B5006D528B /* imi_uiobjects.cpp */,
				A47C4872105E86B5006D528B /* imi_uiobjects.h */,
				A47C4873105E86B5006D528B /* imi_view.cpp */,
				A47C4874105E86B5006D528B /* imi_view.h */,
				A47C4875105E86B5006D528B /* imi_view_classic.cpp */,
				A47C4876105E86B5006D528B /* imi_view_classic.h */,
				A47C4877105E86B5006D528B /* imi_winHandler.cpp */,
				A47C4878105E86B5006D528B /* imi_winHandler.h */,
				A47C4879105E86B5006D528B /* lattice_states.cpp */,
				A47C487A105E86B5006D528B /* lattice_states.h */,
				A47C487B105E86B5006D528B /* userdict.cpp */,
				A47C487C105E86B5006D528B /* userdict.h */,
				A47C487D105E86B5006D528B /* utils.h */,
			);
			name = "ime-core";
			sourceTree = "<group>";
		};
		A47C4889105E86C5006D528B /* pinyin */ = {
			isa = PBXGroup;
			children = (
				A47C488A105E86DB006D528B /* datrie.h */,
				A47C488B105E86DB006D528B /* datrie_impl.h */,
				A47C488C105E86DB006D528B /* pinyin_data.cpp */,
				A47C488D105E86DB006D528B /* pinyin_data.h */,
				A47C488E105E86DB006D528B /* pinyin_seg.cpp */,
				A47C488F105E86DB006D528B /* pinyin_seg.h */,
				A47C4890105E86DB006D528B /* shuangpin_data.cpp */,
				A47C4891105E86DB006D528B /* shuangpin_data.h */,
				A47C4892105E86DB006D528B /* shuangpin_seg.cpp */,
				A47C4893105E86DB006D528B /* shuangpin_seg.h */,
				A47C4894105E86DB006D528B /* syllable.h */,
			);
			name = pinyin;
			sourceTree = "<group>";
		};
		A4DA4E410DBDD9D600472176 /* sunpinyin-2.0 */ = {
			isa = PBXGroup;
			children = (
				A4DA4E640DBDD9D600472176 /* portability.cpp */,
				A4DA4E650DBDD9D600472176 /* portability.h */,
				A4DA4E420DBDD9D600472176 /* config */,
				A47C4864105E86A2006D528B /* ime-core */,
				A47C4889105E86C5006D528B /* pinyin */,
				A4DA4E610DBDD9D600472176 /* lexicon */,
				A4DA4E660DBDD9D600472176 /* slm */,
			);
			name = "sunpinyin-2.0";
			path = ../../src;
			sourceTree = "<group>";
		};
		A4DA4E420DBDD9D600472176 /* config */ = {
			isa = PBXGroup;
			children = (
				A4DA4E430DBDD9D600472176 /* beos.h */,
				A4DA4E450DBDD9D600472176 /* linux.h */,
				A4DA4E460DBDD9D600472176 /* mac.h */,
				A4DA4E470DBDD9D600472176 /* solaris.h */,
			);
			path = config;
			sourceTree = "<group>";
		};
		A4DA4E610DBDD9D600472176 /* lexicon */ = {
			isa = PBXGroup;
			children = (
				A4DA4E620DBDD9D600472176 /* pytrie.cpp */,
				A4DA4E630DBDD9D600472176 /* pytrie.h */,
			);
			path = lexicon;
			sourceTree = "<group>";
		};
		A4DA4E660DBDD9D600472176 /* slm */ = {
			isa = PBXGroup;
			children = (
				A4DA4E670DBDD9D600472176 /* slm.cpp */,
				A4DA4E680DBDD9D600472176 /* slm.h */,
			);
			path = slm;
			sourceTree = "<group>";
		};
/* End PBXGroup section */

/* Begin PBXNativeTarget section */
		8D1107260486CEB800E47090 /* SunPinyin */ = {
			isa = PBXNativeTarget;
			buildConfigurationList = C01FCF4A08A954540054247B /* Build configuration list for PBXNativeTarget "SunPinyin" */;
			buildPhases = (
				8D1107290486CEB800E47090 /* Resources */,
				8D11072C0486CEB800E47090 /* Sources */,
				8D11072E0486CEB800E47090 /* Frameworks */,
				A464E3780F65263000148227 /* Copy 3rd-party Frameworks */,
				A45578A011469D9300592C6E /* Localize and Compile XIBs */,
			);
			buildRules = (
			);
			dependencies = (
			);
			name = SunPinyin;
			productInstallPath = "$(HOME)/Applications";
			productName = SunPinyin;
			productReference = 8D1107320486CEB800E47090 /* SunPinyin.app */;
			productType = "com.apple.product-type.application";
		};
/* End PBXNativeTarget section */

/* Begin PBXProject section */
		29B97313FDCFA39411CA2CEA /* Project object */ = {
			isa = PBXProject;
			buildConfigurationList = C01FCF4E08A954540054247B /* Build configuration list for PBXProject "SunPinyin" */;
			compatibilityVersion = "Xcode 2.4";
			hasScannedForEncodings = 1;
			knownRegions = (
				English,
				Japanese,
				French,
				German,
				zh_CN,
			);
			mainGroup = 29B97314FDCFA39411CA2CEA /* SunPinyin */;
			projectDirPath = "";
			projectRoot = "";
			targets = (
				8D1107260486CEB800E47090 /* SunPinyin */,
			);
		};
/* End PBXProject section */

/* Begin PBXResourcesBuildPhase section */
		8D1107290486CEB800E47090 /* Resources */ = {
			isa = PBXResourcesBuildPhase;
			buildActionMask = 2147483647;
			files = (
				8D11072B0486CEB800E47090 /* InfoPlist.strings in Resources */,
				E99A79200BFAA07E00935A00 /* preferences.plist in Resources */,
				A4DA4ED20DBDFA0800472176 /* lm_sc.t3g in Resources */,
				A4DA4ED30DBDFA0800472176 /* pydict_sc.bin in Resources */,
				A45578F51146A75200592C6E /* MainMenu.xib in Resources */,
				A4FC48CB0F6530EF0069BE81 /* Localizable.strings in Resources */,
				A412C8580F7942DC006B10AD /* SunPinyin.icns in Resources */,
				0752CBF20F9C723600C7096E /* dsa_pub.pem in Resources */,
			);
			runOnlyForDeploymentPostprocessing = 0;
		};
/* End PBXResourcesBuildPhase section */

/* Begin PBXShellScriptBuildPhase section */
		A45578A011469D9300592C6E /* Localize and Compile XIBs */ = {
			isa = PBXShellScriptBuildPhase;
			buildActionMask = 2147483647;
			files = (
			);
			inputPaths = (
			);
			name = "Localize and Compile XIBs";
			outputPaths = (
			);
			runOnlyForDeploymentPostprocessing = 0;
			shellPath = /bin/sh;
			shellScript = "ibtool --strings-file zh_CN.lproj/MainMenu.strings --write zh_CN.lproj/MainMenu.xib English.lproj/MainMenu.xib\nibtool --compile zh_CN.lproj/MainMenu.nib zh_CN.lproj/MainMenu.xib\ncp zh_CN.lproj/MainMenu.nib ${TARGET_BUILD_DIR}/${UNLOCALIZED_RESOURCES_FOLDER_PATH}/zh_CN.lproj/MainMenu.nib";
			showEnvVarsInLog = 0;
		};
/* End PBXShellScriptBuildPhase section */

/* Begin PBXSourcesBuildPhase section */
		8D11072C0486CEB800E47090 /* Sources */ = {
			isa = PBXSourcesBuildPhase;
			buildActionMask = 2147483647;
			files = (
				8D11072D0486CEB800E47090 /* main.m in Sources */,
				E93074E20A5C2F1200470842 /* SunPinyinInputController.mm in Sources */,
				E9FB8BCB0BF0D79B00305C76 /* SunPinyinApplicationDelegate.mm in Sources */,
				A4DA4E730DBDD9D600472176 /* pytrie.cpp in Sources */,
				A4DA4E740DBDD9D600472176 /* portability.cpp in Sources */,
				A4DA4E750DBDD9D600472176 /* slm.cpp in Sources */,
				A4ADD1E40DBF0D1D00671528 /* imi_imkitwin.mm in Sources */,
				A422A7D10DCD694400B41288 /* CandidateWindow.m in Sources */,
				A47C487E105E86B5006D528B /* ic_history.cpp in Sources */,
				A47C487F105E86B5006D528B /* imi_context.cpp in Sources */,
				A47C4880105E86B5006D528B /* imi_data.cpp in Sources */,
				A47C4881105E86B5006D528B /* imi_funcobjs.cpp in Sources */,
				A47C4882105E86B5006D528B /* imi_options.cpp in Sources */,
				A47C4883105E86B5006D528B /* imi_uiobjects.cpp in Sources */,
				A47C4884105E86B5006D528B /* imi_view.cpp in Sources */,
				A47C4885105E86B5006D528B /* imi_view_classic.cpp in Sources */,
				A47C4886105E86B5006D528B /* imi_winHandler.cpp in Sources */,
				A47C4887105E86B5006D528B /* lattice_states.cpp in Sources */,
				A47C4888105E86B5006D528B /* userdict.cpp in Sources */,
				A47C4895105E86DB006D528B /* pinyin_data.cpp in Sources */,
				A47C4896105E86DB006D528B /* pinyin_seg.cpp in Sources */,
				A47C4897105E86DB006D528B /* shuangpin_data.cpp in Sources */,
				A47C4898105E86DB006D528B /* shuangpin_seg.cpp in Sources */,
				A47C48DF105E8CE8006D528B /* macos_keycode.mm in Sources */,
				A4B66501106D051D009BA1DB /* imi_option_event.cpp in Sources */,
				A4829AE711060C69004F71A7 /* imi_session_wrapper.mm in Sources */,
			);
			runOnlyForDeploymentPostprocessing = 0;
		};
/* End PBXSourcesBuildPhase section */

/* Begin PBXVariantGroup section */
		089C165CFE840E0CC02AAC07 /* InfoPlist.strings */ = {
			isa = PBXVariantGroup;
			children = (
				089C165DFE840E0CC02AAC07 /* English */,
			);
			name = InfoPlist.strings;
			sourceTree = "<group>";
		};
		A455789611469D3600592C6E /* MainMenu.strings */ = {
			isa = PBXVariantGroup;
			children = (
				A455789911469D4C00592C6E /* zh_CN */,
			);
			name = MainMenu.strings;
			sourceTree = "<group>";
		};
		A45578F41146A75200592C6E /* MainMenu.xib */ = {
			isa = PBXVariantGroup;
			children = (
				A485E5BB0DD28B8D00E472E5 /* English */,
			);
			name = MainMenu.xib;
			sourceTree = "<group>";
		};
		A4FC48C90F6530EF0069BE81 /* Localizable.strings */ = {
			isa = PBXVariantGroup;
			children = (
				A4FC48CA0F6530EF0069BE81 /* English */,
				A4FC48CC0F6531110069BE81 /* zh_CN */,
			);
			name = Localizable.strings;
			sourceTree = "<group>";
		};
/* End PBXVariantGroup section */

/* Begin XCBuildConfiguration section */
		A4D8BB470DDD72680079ECF3 /* Release-ppc */ = {
			isa = XCBuildConfiguration;
			buildSettings = {
				CONFIGURATION_BUILD_DIR = "$(BUILD_DIR)/Release";
				GCC_WARN_ABOUT_RETURN_TYPE = YES;
				GCC_WARN_UNUSED_VARIABLE = YES;
				HEADER_SEARCH_PATHS = (
					../../cmakebuild,
					../..,
					../../src,
				);
				PREBINDING = NO;
				SDKROOT = /Developer/SDKs/MacOSX10.5.sdk;
			};
			name = "Release-ppc";
		};
		A4D8BB480DDD72680079ECF3 /* Release-ppc */ = {
			isa = XCBuildConfiguration;
			buildSettings = {
				ARCHS = ppc;
				FRAMEWORK_SEARCH_PATHS = (
					"$(inherited)",
					"$(FRAMEWORK_SEARCH_PATHS_QUOTED_FOR_TARGET_1)",
					"$(FRAMEWORK_SEARCH_PATHS_QUOTED_FOR_TARGET_2)",
				);
				FRAMEWORK_SEARCH_PATHS_QUOTED_FOR_TARGET_1 = "\"$(SRCROOT)/Frameworks\"";
				FRAMEWORK_SEARCH_PATHS_QUOTED_FOR_TARGET_2 = "\"$(SRCROOT)/Frameworks\"";
				GCC_GENERATE_DEBUGGING_SYMBOLS = NO;
				GCC_MODEL_TUNING = G5;
				INFOPLIST_FILE = Info.plist;
				INSTALL_PATH = "$(HOME)/Applications";
				OTHER_CPLUSPLUSFLAGS = (
					"-DLEOPARD",
					"-DHAVE_CONFIG_H",
					"$(OTHER_CPLUSPLUSFLAGS_QUOTED_FOR_TARGET_1)",
					"$(OTHER_CPLUSPLUSFLAGS_QUOTED_FOR_TARGET_2)",
				);
				OTHER_CPLUSPLUSFLAGS_QUOTED_FOR_TARGET_1 = "-DSUNPINYIN_DATA_DIR=\\\"/Library/Input\\ Methods/SunPinyin.app/Contents/Resources\\\"";
				OTHER_LDFLAGS = (
					"-lsqlite3",
					"-liconv",
				);
				PRODUCT_NAME = SunPinyin;
				WRAPPER_EXTENSION = app;
			};
			name = "Release-ppc";
		};
		C01FCF4B08A954540054247B /* Debug */ = {
			isa = XCBuildConfiguration;
			buildSettings = {
				COPY_PHASE_STRIP = NO;
				FRAMEWORK_SEARCH_PATHS = (
					"$(inherited)",
					"$(FRAMEWORK_SEARCH_PATHS_QUOTED_FOR_TARGET_1)",
					"$(FRAMEWORK_SEARCH_PATHS_QUOTED_FOR_TARGET_2)",
				);
				FRAMEWORK_SEARCH_PATHS_QUOTED_FOR_TARGET_1 = "\"$(SRCROOT)/Frameworks\"";
				FRAMEWORK_SEARCH_PATHS_QUOTED_FOR_TARGET_2 = "\"$(SRCROOT)/Frameworks\"";
				GCC_DYNAMIC_NO_PIC = NO;
				GCC_ENABLE_FIX_AND_CONTINUE = YES;
				GCC_MODEL_TUNING = G5;
				GCC_OPTIMIZATION_LEVEL = 0;
				INFOPLIST_FILE = Info.plist;
				INSTALL_PATH = "\"$(LOCAL_LIBRARY_DIR)/Input Methods/\"";
				OTHER_CPLUSPLUSFLAGS = (
					"-DLEOPARD",
					"-DHAVE_CONFIG_H",
					"$(OTHER_CPLUSPLUSFLAGS_QUOTED_FOR_TARGET_1)",
					"$(OTHER_CPLUSPLUSFLAGS_QUOTED_FOR_TARGET_2)",
				);
				OTHER_CPLUSPLUSFLAGS_QUOTED_FOR_TARGET_1 = "-DSUNPINYIN_DATA_DIR=\\\"/Library/Input\\ Methods/SunPinyin.app/Contents/Resources\\\"";
				OTHER_LDFLAGS = (
					"-lsqlite3",
					"-liconv",
				);
				PRODUCT_NAME = SunPinyin;
				WRAPPER_EXTENSION = app;
				ZERO_LINK = YES;
			};
			name = Debug;
		};
		C01FCF4C08A954540054247B /* Release-i386 */ = {
			isa = XCBuildConfiguration;
			buildSettings = {
				ARCHS = i386;
				FRAMEWORK_SEARCH_PATHS = (
					"$(inherited)",
					"$(FRAMEWORK_SEARCH_PATHS_QUOTED_FOR_TARGET_1)",
					"$(FRAMEWORK_SEARCH_PATHS_QUOTED_FOR_TARGET_2)",
				);
				FRAMEWORK_SEARCH_PATHS_QUOTED_FOR_TARGET_1 = "\"$(SRCROOT)/Frameworks\"";
				FRAMEWORK_SEARCH_PATHS_QUOTED_FOR_TARGET_2 = "\"$(SRCROOT)/Frameworks\"";
				GCC_GENERATE_DEBUGGING_SYMBOLS = NO;
				GCC_MODEL_TUNING = G5;
				INFOPLIST_FILE = Info.plist;
				INSTALL_PATH = "$(HOME)/Applications";
				OTHER_CPLUSPLUSFLAGS = (
					"-DLEOPARD",
					"-DHAVE_CONFIG_H",
					"$(OTHER_CPLUSPLUSFLAGS_QUOTED_FOR_TARGET_1)",
					"$(OTHER_CPLUSPLUSFLAGS_QUOTED_FOR_TARGET_2)",
				);
				OTHER_CPLUSPLUSFLAGS_QUOTED_FOR_TARGET_1 = "-DSUNPINYIN_DATA_DIR=\\\"/Library/Input\\ Methods/SunPinyin.app/Contents/Resources\\\"";
				OTHER_LDFLAGS = (
					"-lsqlite3",
					"-liconv",
				);
				PRODUCT_NAME = SunPinyin;
				WRAPPER_EXTENSION = app;
			};
			name = "Release-i386";
		};
		C01FCF4F08A954540054247B /* Debug */ = {
			isa = XCBuildConfiguration;
			buildSettings = {
				GCC_WARN_ABOUT_RETURN_TYPE = YES;
				GCC_WARN_UNUSED_VARIABLE = YES;
				HEADER_SEARCH_PATHS = (
					../../cmakebuild,
					../..,
					../../src,
				);
				PREBINDING = NO;
				SDKROOT = /Developer/SDKs/MacOSX10.5.sdk;
			};
			name = Debug;
		};
		C01FCF5008A954540054247B /* Release-i386 */ = {
			isa = XCBuildConfiguration;
			buildSettings = {
				CONFIGURATION_BUILD_DIR = "$(BUILD_DIR)/Release";
				GCC_WARN_ABOUT_RETURN_TYPE = YES;
				GCC_WARN_UNUSED_VARIABLE = YES;
				HEADER_SEARCH_PATHS = (
					../../cmakebuild,
					../..,
					../../src,
				);
				PREBINDING = NO;
				SDKROOT = /Developer/SDKs/MacOSX10.5.sdk;
			};
			name = "Release-i386";
		};
/* End XCBuildConfiguration section */

/* Begin XCConfigurationList section */
		C01FCF4A08A954540054247B /* Build configuration list for PBXNativeTarget "SunPinyin" */ = {
			isa = XCConfigurationList;
			buildConfigurations = (
				C01FCF4B08A954540054247B /* Debug */,
				C01FCF4C08A954540054247B /* Release-i386 */,
				A4D8BB480DDD72680079ECF3 /* Release-ppc */,
			);
			defaultConfigurationIsVisible = 0;
			defaultConfigurationName = "Release-i386";
		};
		C01FCF4E08A954540054247B /* Build configuration list for PBXProject "SunPinyin" */ = {
			isa = XCConfigurationList;
			buildConfigurations = (
				C01FCF4F08A954540054247B /* Debug */,
				C01FCF5008A954540054247B /* Release-i386 */,
				A4D8BB470DDD72680079ECF3 /* Release-ppc */,
			);
			defaultConfigurationIsVisible = 0;
			defaultConfigurationName = "Release-i386";
		};
/* End XCConfigurationList section */
	};
	rootObject = 29B97313FDCFA39411CA2CEA /* Project object */;
}
